
Microsoft Visual Studio Solution File, Format Version 12.00
# Visual Studio Version 17
VisualStudioVersion = 17.13.36105.23 d17.13
MinimumVisualStudioVersion = 10.0.40219.1
Project("{FAE04EC0-301F-11D3-BF4B-00C04F79EFBC}") = "ProdectCRUDApp", "ProdectCRUDApp\ProdectCRUDApp.csproj", "{07FE4EF5-E4E6-4593-B59D-EFA4957D603F}"
EndProject
Global
	GlobalSection(SolutionConfigurationPlatforms) = preSolution
		Debug|Any CPU = Debug|Any CPU
		Release|Any CPU = Release|Any CPU
	EndGlobalSection
	GlobalSection(ProjectConfigurationPlatforms) = postSolution
		{07FE4EF5-E4E6-4593-B59D-EFA4957D603F}.Debug|Any CPU.ActiveCfg = Debug|Any CPU
		{07FE4EF5-E4E6-4593-B59D-EFA4957D603F}.Debug|Any CPU.Build.0 = Debug|Any CPU
		{07FE4EF5-E4E6-4593-B59D-EFA4957D603F}.Release|Any CPU.ActiveCfg = Release|Any CPU
		{07FE4EF5-E4E6-4593-B59D-EFA4957D603F}.Release|Any CPU.Build.0 = Release|Any CPU
	EndGlobalSection
	GlobalSection(SolutionProperties) = preSolution
		HideSolutionNode = FALSE
	EndGlobalSection
	GlobalSection(ExtensibilityGlobals) = postSolution
		SolutionGuid = {DF69DFF0-F67F-4CDC-811B-5AE08B8A8DD8}
	EndGlobalSection
EndGlobal
